// !$*UTF8*$!
{
	archiveVersion = 1;
	classes = {
	};
	objectVersion = 55;
	objects = {

/* Begin PBXBuildFile section */
		FCC3C95028C15AE90020DDAC /* NewsAppApp.swift in Sources */ = {isa = PBXBuildFile; fileRef = FCC3C94F28C15AE90020DDAC /* NewsAppApp.swift */; };
		FCC3C95428C15AEA0020DDAC /* Assets.xcassets in Resources */ = {isa = PBXBuildFile; fileRef = FCC3C95328C15AEA0020DDAC /* Assets.xcassets */; };
		FCC3C95728C15AEA0020DDAC /* Preview Assets.xcassets in Resources */ = {isa = PBXBuildFile; fileRef = FCC3C95628C15AEA0020DDAC /* Preview Assets.xcassets */; };
		FCC3C95F28C182110020DDAC /* NewsView.swift in Sources */ = {isa = PBXBuildFile; fileRef = FCC3C95E28C182110020DDAC /* NewsView.swift */; };
		FCC3C96228C183350020DDAC /* NewsCardView.swift in Sources */ = {isa = PBXBuildFile; fileRef = FCC3C96128C183350020DDAC /* NewsCardView.swift */; };
		FCC3C96528C1849D0020DDAC /* News.swift in Sources */ = {isa = PBXBuildFile; fileRef = FCC3C96428C1849D0020DDAC /* News.swift */; };
		FCC3C96C28C283310020DDAC /* AsyncImage.swift in Sources */ = {isa = PBXBuildFile; fileRef = FCC3C96B28C283310020DDAC /* AsyncImage.swift */; };
		FCC3C96E28C28FF30020DDAC /* NewsViewModel.swift in Sources */ = {isa = PBXBuildFile; fileRef = FCC3C96D28C28FF30020DDAC /* NewsViewModel.swift */; };
		FCC3C97128C2915C0020DDAC /* NewsRepository.swift in Sources */ = {isa = PBXBuildFile; fileRef = FCC3C97028C2915C0020DDAC /* NewsRepository.swift */; };
		FCC3C97328C291EC0020DDAC /* APError.swift in Sources */ = {isa = PBXBuildFile; fileRef = FCC3C97228C291EC0020DDAC /* APError.swift */; };
		FCC3C97528C2924D0020DDAC /* AlertItem.swift in Sources */ = {isa = PBXBuildFile; fileRef = FCC3C97428C2924D0020DDAC /* AlertItem.swift */; };
		FCC3C97828C2999D0020DDAC /* LoadingView.swift in Sources */ = {isa = PBXBuildFile; fileRef = FCC3C97728C2999D0020DDAC /* LoadingView.swift */; };
/* End PBXBuildFile section */

/* Begin PBXFileReference section */
		FCC3C94C28C15AE90020DDAC /* NewsApp.app */ = {isa = PBXFileReference; explicitFileType = wrapper.application; includeInIndex = 0; path = NewsApp.app; sourceTree = BUILT_PRODUCTS_DIR; };
		FCC3C94F28C15AE90020DDAC /* NewsAppApp.swift */ = {isa = PBXFileReference; lastKnownFileType = sourcecode.swift; path = NewsAppApp.swift; sourceTree = "<group>"; };
		FCC3C95328C15AEA0020DDAC /* Assets.xcassets */ = {isa = PBXFileReference; lastKnownFileType = folder.assetcatalog; path = Assets.xcassets; sourceTree = "<group>"; };
		FCC3C95628C15AEA0020DDAC /* Preview Assets.xcassets */ = {isa = PBXFileReference; lastKnownFileType = folder.assetcatalog; path = "Preview Assets.xcassets"; sourceTree = "<group>"; };
		FCC3C95E28C182110020DDAC /* NewsView.swift */ = {isa = PBXFileReference; lastKnownFileType = sourcecode.swift; path = NewsView.swift; sourceTree = "<group>"; };
		FCC3C96128C183350020DDAC /* NewsCardView.swift */ = {isa = PBXFileReference; lastKnownFileType = sourcecode.swift; path = NewsCardView.swift; sourceTree = "<group>"; };
		FCC3C96428C1849D0020DDAC /* News.swift */ = {isa = PBXFileReference; lastKnownFileType = sourcecode.swift; path = News.swift; sourceTree = "<group>"; };
		FCC3C96B28C283310020DDAC /* AsyncImage.swift */ = {isa = PBXFileReference; lastKnownFileType = sourcecode.swift; path = AsyncImage.swift; sourceTree = "<group>"; };
		FCC3C96D28C28FF30020DDAC /* NewsViewModel.swift */ = {isa = PBXFileReference; lastKnownFileType = sourcecode.swift; path = NewsViewModel.swift; sourceTree = "<group>"; };
		FCC3C97028C2915C0020DDAC /* NewsRepository.swift */ = {isa = PBXFileReference; lastKnownFileType = sourcecode.swift; path = NewsRepository.swift; sourceTree = "<group>"; };
		FCC3C97228C291EC0020DDAC /* APError.swift */ = {isa = PBXFileReference; lastKnownFileType = sourcecode.swift; path = APError.swift; sourceTree = "<group>"; };
		FCC3C97428C2924D0020DDAC /* AlertItem.swift */ = {isa = PBXFileReference; lastKnownFileType = sourcecode.swift; path = AlertItem.swift; sourceTree = "<group>"; };
		FCC3C97728C2999D0020DDAC /* LoadingView.swift */ = {isa = PBXFileReference; lastKnownFileType = sourcecode.swift; path = LoadingView.swift; sourceTree = "<group>"; };
/* End PBXFileReference section */

/* Begin PBXFrameworksBuildPhase section */
		FCC3C94928C15AE90020DDAC /* Frameworks */ = {
			isa = PBXFrameworksBuildPhase;
			buildActionMask = 2147483647;
			files = (
			);
			runOnlyForDeploymentPostprocessing = 0;
		};
/* End PBXFrameworksBuildPhase section */

/* Begin PBXGroup section */
		FCC3C94328C15AE90020DDAC = {
			isa = PBXGroup;
			children = (
				FCC3C94E28C15AE90020DDAC /* NewsApp */,
				FCC3C94D28C15AE90020DDAC /* Products */,
			);
			sourceTree = "<group>";
		};
		FCC3C94D28C15AE90020DDAC /* Products */ = {
			isa = PBXGroup;
			children = (
				FCC3C94C28C15AE90020DDAC /* NewsApp.app */,
			);
			name = Products;
			sourceTree = "<group>";
		};
		FCC3C94E28C15AE90020DDAC /* NewsApp */ = {
			isa = PBXGroup;
			children = (
				FCC3C96F28C2914C0020DDAC /* Repositories */,
				FCC3C96628C281420020DDAC /* Utilities */,
				FCC3C96328C184750020DDAC /* Models */,
				FCC3C95D28C181AF0020DDAC /* Views */,
				FCC3C94F28C15AE90020DDAC /* NewsAppApp.swift */,
				FCC3C95328C15AEA0020DDAC /* Assets.xcassets */,
				FCC3C95528C15AEA0020DDAC /* Preview Content */,
			);
			path = NewsApp;
			sourceTree = "<group>";
		};
		FCC3C95528C15AEA0020DDAC /* Preview Content */ = {
			isa = PBXGroup;
			children = (
				FCC3C95628C15AEA0020DDAC /* Preview Assets.xcassets */,
			);
			path = "Preview Content";
			sourceTree = "<group>";
		};
		FCC3C95D28C181AF0020DDAC /* Views */ = {
			isa = PBXGroup;
			children = (
				FCC3C97628C2998F0020DDAC /* Shared */,
				FCC3C96028C183060020DDAC /* News */,
			);
			path = Views;
			sourceTree = "<group>";
		};
		FCC3C96028C183060020DDAC /* News */ = {
			isa = PBXGroup;
			children = (
				FCC3C95E28C182110020DDAC /* NewsView.swift */,
				FCC3C96128C183350020DDAC /* NewsCardView.swift */,
				FCC3C96D28C28FF30020DDAC /* NewsViewModel.swift */,
			);
			path = News;
			sourceTree = "<group>";
		};
		FCC3C96328C184750020DDAC /* Models */ = {
			isa = PBXGroup;
			children = (
				FCC3C96428C1849D0020DDAC /* News.swift */,
			);
			path = Models;
			sourceTree = "<group>";
		};
		FCC3C96628C281420020DDAC /* Utilities */ = {
			isa = PBXGroup;
			children = (
				FCC3C96B28C283310020DDAC /* AsyncImage.swift */,
				FCC3C97228C291EC0020DDAC /* APError.swift */,
				FCC3C97428C2924D0020DDAC /* AlertItem.swift */,
			);
			path = Utilities;
			sourceTree = "<group>";
		};
		FCC3C96F28C2914C0020DDAC /* Repositories */ = {
			isa = PBXGroup;
			children = (
				FCC3C97028C2915C0020DDAC /* NewsRepository.swift */,
			);
			path = Repositories;
			sourceTree = "<group>";
		};
		FCC3C97628C2998F0020DDAC /* Shared */ = {
			isa = PBXGroup;
			children = (
				FCC3C97728C2999D0020DDAC /* LoadingView.swift */,
			);
			path = Shared;
			sourceTree = "<group>";
		};
/* End PBXGroup section */

/* Begin PBXNativeTarget section */
		FCC3C94B28C15AE90020DDAC /* NewsApp */ = {
			isa = PBXNativeTarget;
			buildConfigurationList = FCC3C95A28C15AEA0020DDAC /* Build configuration list for PBXNativeTarget "NewsApp" */;
			buildPhases = (
				FCC3C94828C15AE90020DDAC /* Sources */,
				FCC3C94928C15AE90020DDAC /* Frameworks */,
				FCC3C94A28C15AE90020DDAC /* Resources */,
			);
			buildRules = (
			);
			dependencies = (
			);
			name = NewsApp;
			productName = NewsApp;
			productReference = FCC3C94C28C15AE90020DDAC /* NewsApp.app */;
			productType = "com.apple.product-type.application";
		};
/* End PBXNativeTarget section */

/* Begin PBXProject section */
		FCC3C94428C15AE90020DDAC /* Project object */ = {
			isa = PBXProject;
			attributes = {
				BuildIndependentTargetsInParallel = 1;
				LastSwiftUpdateCheck = 1340;
				LastUpgradeCheck = 1340;
				TargetAttributes = {
					FCC3C94B28C15AE90020DDAC = {
						CreatedOnToolsVersion = 13.4.1;
					};
				};
			};
			buildConfigurationList = FCC3C94728C15AE90020DDAC /* Build configuration list for PBXProject "NewsApp" */;
			compatibilityVersion = "Xcode 13.0";
			developmentRegion = en;
			hasScannedForEncodings = 0;
			knownRegions = (
				en,
				Base,
			);
			mainGroup = FCC3C94328C15AE90020DDAC;
			productRefGroup = FCC3C94D28C15AE90020DDAC /* Products */;
			projectDirPath = "";
			projectRoot = "";
			targets = (
				FCC3C94B28C15AE90020DDAC /* NewsApp */,
			);
		};
/* End PBXProject section */

/* Begin PBXResourcesBuildPhase section */
		FCC3C94A28C15AE90020DDAC /* Resources */ = {
			isa = PBXResourcesBuildPhase;
			buildActionMask = 2147483647;
			files = (
				FCC3C95728C15AEA0020DDAC /* Preview Assets.xcassets in Resources */,
				FCC3C95428C15AEA0020DDAC /* Assets.xcassets in Resources */,
			);
			runOnlyForDeploymentPostprocessing = 0;
		};
/* End PBXResourcesBuildPhase section */

/* Begin PBXSourcesBuildPhase section */
		FCC3C94828C15AE90020DDAC /* Sources */ = {
			isa = PBXSourcesBuildPhase;
			buildActionMask = 2147483647;
			files = (
				FCC3C96228C183350020DDAC /* NewsCardView.swift in Sources */,
				FCC3C96E28C28FF30020DDAC /* NewsViewModel.swift in Sources */,
				FCC3C97128C2915C0020DDAC /* NewsRepository.swift in Sources */,
				FCC3C97828C2999D0020DDAC /* LoadingView.swift in Sources */,
				FCC3C97328C291EC0020DDAC /* APError.swift in Sources */,
				FCC3C95F28C182110020DDAC /* NewsView.swift in Sources */,
				FCC3C96528C1849D0020DDAC /* News.swift in Sources */,
				FCC3C96C28C283310020DDAC /* AsyncImage.swift in Sources */,
				FCC3C97528C2924D0020DDAC /* AlertItem.swift in Sources */,
				FCC3C95028C15AE90020DDAC /* NewsAppApp.swift in Sources */,
			);
			runOnlyForDeploymentPostprocessing = 0;
		};
/* End PBXSourcesBuildPhase section */

/* Begin XCBuildConfiguration section */
		FCC3C95828C15AEA0020DDAC /* Debug */ = {
			isa = XCBuildConfiguration;
			buildSettings = {
				ALWAYS_SEARCH_USER_PATHS = NO;
				CLANG_ANALYZER_NONNULL = YES;
				CLANG_ANALYZER_NUMBER_OBJECT_CONVERSION = YES_AGGRESSIVE;
				CLANG_CXX_LANGUAGE_STANDARD = "gnu++17";
				CLANG_ENABLE_MODULES = YES;
				CLANG_ENABLE_OBJC_ARC = YES;
				CLANG_ENABLE_OBJC_WEAK = YES;
				CLANG_WARN_BLOCK_CAPTURE_AUTORELEASING = YES;
				CLANG_WARN_BOOL_CONVERSION = YES;
				CLANG_WARN_COMMA = YES;
				CLANG_WARN_CONSTANT_CONVERSION = YES;
				CLANG_WARN_DEPRECATED_OBJC_IMPLEMENTATIONS = YES;
				CLANG_WARN_DIRECT_OBJC_ISA_USAGE = YES_ERROR;
				CLANG_WARN_DOCUMENTATION_COMMENTS = YES;
				CLANG_WARN_EMPTY_BODY = YES;
				CLANG_WARN_ENUM_CONVERSION = YES;
				CLANG_WARN_INFINITE_RECURSION = YES;
				CLANG_WARN_INT_CONVERSION = YES;
				CLANG_WARN_NON_LITERAL_NULL_CONVERSION = YES;
				CLANG_WARN_OBJC_IMPLICIT_RETAIN_SELF = YES;
				CLANG_WARN_OBJC_LITERAL_CONVERSION = YES;
				CLANG_WARN_OBJC_ROOT_CLASS = YES_ERROR;
				CLANG_WARN_QUOTED_INCLUDE_IN_FRAMEWORK_HEADER = YES;
				CLANG_WARN_RANGE_LOOP_ANALYSIS = YES;
				CLANG_WARN_STRICT_PROTOTYPES = YES;
				CLANG_WARN_SUSPICIOUS_MOVE = YES;
				CLANG_WARN_UNGUARDED_AVAILABILITY = YES_AGGRESSIVE;
				CLANG_WARN_UNREACHABLE_CODE = YES;
				CLANG_WARN__DUPLICATE_METHOD_MATCH = YES;
				COPY_PHASE_STRIP = NO;
				DEBUG_INFORMATION_FORMAT = dwarf;
				ENABLE_STRICT_OBJC_MSGSEND = YES;
				ENABLE_TESTABILITY = YES;
				GCC_C_LANGUAGE_STANDARD = gnu11;
				GCC_DYNAMIC_NO_PIC = NO;
				GCC_NO_COMMON_BLOCKS = YES;
				GCC_OPTIMIZATION_LEVEL = 0;
				GCC_PREPROCESSOR_DEFINITIONS = (
					"DEBUG=1",
					"$(inherited)",
				);
				GCC_WARN_64_TO_32_BIT_CONVERSION = YES;
				GCC_WARN_ABOUT_RETURN_TYPE = YES_ERROR;
				GCC_WARN_UNDECLARED_SELECTOR = YES;
				GCC_WARN_UNINITIALIZED_AUTOS = YES_AGGRESSIVE;
				GCC_WARN_UNUSED_FUNCTION = YES;
				GCC_WARN_UNUSED_VARIABLE = YES;
				IPHONEOS_DEPLOYMENT_TARGET = 15.5;
				MTL_ENABLE_DEBUG_INFO = INCLUDE_SOURCE;
				MTL_FAST_MATH = YES;
				ONLY_ACTIVE_ARCH = YES;
				SDKROOT = iphoneos;
				SWIFT_ACTIVE_COMPILATION_CONDITIONS = DEBUG;
				SWIFT_OPTIMIZATION_LEVEL = "-Onone";
			};
			name = Debug;
		};
		FCC3C95928C15AEA0020DDAC /* Release */ = {
			isa = XCBuildConfiguration;
			buildSettings = {
				ALWAYS_SEARCH_USER_PATHS = NO;
				CLANG_ANALYZER_NONNULL = YES;
				CLANG_ANALYZER_NUMBER_OBJECT_CONVERSION = YES_AGGRESSIVE;
				CLANG_CXX_LANGUAGE_STANDARD = "gnu++17";
				CLANG_ENABLE_MODULES = YES;
				CLANG_ENABLE_OBJC_ARC = YES;
				CLANG_ENABLE_OBJC_WEAK = YES;
				CLANG_WARN_BLOCK_CAPTURE_AUTORELEASING = YES;
				CLANG_WARN_BOOL_CONVERSION = YES;
				CLANG_WARN_COMMA = YES;
				CLANG_WARN_CONSTANT_CONVERSION = YES;
				CLANG_WARN_DEPRECATED_OBJC_IMPLEMENTATIONS = YES;
				CLANG_WARN_DIRECT_OBJC_ISA_USAGE = YES_ERROR;
				CLANG_WARN_DOCUMENTATION_COMMENTS = YES;
				CLANG_WARN_EMPTY_BODY = YES;
				CLANG_WARN_ENUM_CONVERSION = YES;
				CLANG_WARN_INFINITE_RECURSION = YES;
				CLANG_WARN_INT_CONVERSION = YES;
				CLANG_WARN_NON_LITERAL_NULL_CONVERSION = YES;
				CLANG_WARN_OBJC_IMPLICIT_RETAIN_SELF = YES;
				CLANG_WARN_OBJC_LITERAL_CONVERSION = YES;
				CLANG_WARN_OBJC_ROOT_CLASS = YES_ERROR;
				CLANG_WARN_QUOTED_INCLUDE_IN_FRAMEWORK_HEADER = YES;
				CLANG_WARN_RANGE_LOOP_ANALYSIS = YES;
				CLANG_WARN_STRICT_PROTOTYPES = YES;
				CLANG_WARN_SUSPICIOUS_MOVE = YES;
				CLANG_WARN_UNGUARDED_AVAILABILITY = YES_AGGRESSIVE;
				CLANG_WARN_UNREACHABLE_CODE = YES;
				CLANG_WARN__DUPLICATE_METHOD_MATCH = YES;
				COPY_PHASE_STRIP = NO;
				DEBUG_INFORMATION_FORMAT = "dwarf-with-dsym";
				ENABLE_NS_ASSERTIONS = NO;
				ENABLE_STRICT_OBJC_MSGSEND = YES;
				GCC_C_LANGUAGE_STANDARD = gnu11;
				GCC_NO_COMMON_BLOCKS = YES;
				GCC_WARN_64_TO_32_BIT_CONVERSION = YES;
				GCC_WARN_ABOUT_RETURN_TYPE = YES_ERROR;
				GCC_WARN_UNDECLARED_SELECTOR = YES;
				GCC_WARN_UNINITIALIZED_AUTOS = YES_AGGRESSIVE;
				GCC_WARN_UNUSED_FUNCTION = YES;
				GCC_WARN_UNUSED_VARIABLE = YES;
				IPHONEOS_DEPLOYMENT_TARGET = 15.5;
				MTL_ENABLE_DEBUG_INFO = NO;
				MTL_FAST_MATH = YES;
				SDKROOT = iphoneos;
				SWIFT_COMPILATION_MODE = wholemodule;
				SWIFT_OPTIMIZATION_LEVEL = "-O";
				VALIDATE_PRODUCT = YES;
			};
			name = Release;
		};
		FCC3C95B28C15AEA0020DDAC /* Debug */ = {
			isa = XCBuildConfiguration;
			buildSettings = {
				ASSETCATALOG_COMPILER_APPICON_NAME = AppIcon;
				ASSETCATALOG_COMPILER_GLOBAL_ACCENT_COLOR_NAME = AccentColor;
				CODE_SIGN_STYLE = Automatic;
				CURRENT_PROJECT_VERSION = 1;
				DEVELOPMENT_ASSET_PATHS = "\"NewsApp/Preview Content\"";
				ENABLE_PREVIEWS = YES;
				GENERATE_INFOPLIST_FILE = YES;
				INFOPLIST_KEY_UIApplicationSceneManifest_Generation = YES;
				INFOPLIST_KEY_UIApplicationSupportsIndirectInputEvents = YES;
				INFOPLIST_KEY_UILaunchScreen_Generation = YES;
				INFOPLIST_KEY_UISupportedInterfaceOrientations_iPad = "UIInterfaceOrientationPortrait UIInterfaceOrientationPortraitUpsideDown UIInterfaceOrientationLandscapeLeft UIInterfaceOrientationLandscapeRight";
				INFOPLIST_KEY_UISupportedInterfaceOrientations_iPhone = "UIInterfaceOrientationPortrait UIInterfaceOrientationLandscapeLeft UIInterfaceOrientationLandscapeRight";
				LD_RUNPATH_SEARCH_PATHS = (
					"$(inherited)",
					"@executable_path/Frameworks",
				);
				MARKETING_VERSION = 1.0;
				PRODUCT_BUNDLE_IDENTIFIER = com.skyio.NewsApp;
				PRODUCT_NAME = "$(TARGET_NAME)";
				SWIFT_EMIT_LOC_STRINGS = YES;
				SWIFT_VERSION = 5.0;
				TARGETED_DEVICE_FAMILY = "1,2";
			};
			name = Debug;
		};
		FCC3C95C28C15AEA0020DDAC /* Release */ = {
			isa = XCBuildConfiguration;
			buildSettings = {
				ASSETCATALOG_COMPILER_APPICON_NAME = AppIcon;
				ASSETCATALOG_COMPILER_GLOBAL_ACCENT_COLOR_NAME = AccentColor;
				CODE_SIGN_STYLE = Automatic;
				CURRENT_PROJECT_VERSION = 1;
				DEVELOPMENT_ASSET_PATHS = "\"NewsApp/Preview Content\"";
				ENABLE_PREVIEWS = YES;
				GENERATE_INFOPLIST_FILE = YES;
				INFOPLIST_KEY_UIApplicationSceneManifest_Generation = YES;
				INFOPLIST_KEY_UIApplicationSupportsIndirectInputEvents = YES;
				INFOPLIST_KEY_UILaunchScreen_Generation = YES;
				INFOPLIST_KEY_UISupportedInterfaceOrientations_iPad = "UIInterfaceOrientationPortrait UIInterfaceOrientationPortraitUpsideDown UIInterfaceOrientationLandscapeLeft UIInterfaceOrientationLandscapeRight";
				INFOPLIST_KEY_UISupportedInterfaceOrientations_iPhone = "UIInterfaceOrientationPortrait UIInterfaceOrientationLandscapeLeft UIInterfaceOrientationLandscapeRight";
				LD_RUNPATH_SEARCH_PATHS = (
					"$(inherited)",
					"@executable_path/Frameworks",
				);
				MARKETING_VERSION = 1.0;
				PRODUCT_BUNDLE_IDENTIFIER = com.skyio.NewsApp;
				PRODUCT_NAME = "$(TARGET_NAME)";
				SWIFT_EMIT_LOC_STRINGS = YES;
				SWIFT_VERSION = 5.0;
				TARGETED_DEVICE_FAMILY = "1,2";
			};
			name = Release;
		};
/* End XCBuildConfiguration section */

/* Begin XCConfigurationList section */
		FCC3C94728C15AE90020DDAC /* Build configuration list for PBXProject "NewsApp" */ = {
			isa = XCConfigurationList;
			buildConfigurations = (
				FCC3C95828C15AEA0020DDAC /* Debug */,
				FCC3C95928C15AEA0020DDAC /* Release */,
			);
			defaultConfigurationIsVisible = 0;
			defaultConfigurationName = Release;
		};
		FCC3C95A28C15AEA0020DDAC /* Build configuration list for PBXNativeTarget "NewsApp" */ = {
			isa = XCConfigurationList;
			buildConfigurations = (
				FCC3C95B28C15AEA0020DDAC /* Debug */,
				FCC3C95C28C15AEA0020DDAC /* Release */,
			);
			defaultConfigurationIsVisible = 0;
			defaultConfigurationName = Release;
		};
/* End XCConfigurationList section */
	};
	rootObject = FCC3C94428C15AE90020DDAC /* Project object */;
}
